
Microsoft Visual Studio Solution File, Format Version 12.00
# Visual Studio 15
Project("{FAE04EC0-301F-11D3-BF4B-00C04F79EFBC}") = "Assembly-CSharp", "Assembly-CSharp.csproj", "{7F7DBD85-773C-86C4-8B10-50E76E19326E}"
EndProject
Project("{FAE04EC0-301F-11D3-BF4B-00C04F79EFBC}") = "Assembly-CSharp-Editor", "Assembly-CSharp-Editor.csproj", "{D63F99D3-69C6-DB12-7B0C-23595A8C2E61}"
EndProject
Global
	GlobalSection(SolutionConfigurationPlatforms) = preSolution
		Debug|Any CPU = Debug|Any CPU
		Release|Any CPU = Release|Any CPU
	EndGlobalSection
	GlobalSection(ProjectConfigurationPlatforms) = postSolution
		{7F7DBD85-773C-86C4-8B10-50E76E19326E}.Debug|Any CPU.ActiveCfg = Debug|Any CPU
		{7F7DBD85-773C-86C4-8B10-50E76E19326E}.Debug|Any CPU.Build.0 = Debug|Any CPU
		{7F7DBD85-773C-86C4-8B10-50E76E19326E}.Release|Any CPU.ActiveCfg = Release|Any CPU
		{7F7DBD85-773C-86C4-8B10-50E76E19326E}.Release|Any CPU.Build.0 = Release|Any CPU
		{D63F99D3-69C6-DB12-7B0C-23595A8C2E61}.Debug|Any CPU.ActiveCfg = Debug|Any CPU
		{D63F99D3-69C6-DB12-7B0C-23595A8C2E61}.Debug|Any CPU.Build.0 = Debug|Any CPU
		{D63F99D3-69C6-DB12-7B0C-23595A8C2E61}.Release|Any CPU.ActiveCfg = Release|Any CPU
		{D63F99D3-69C6-DB12-7B0C-23595A8C2E61}.Release|Any CPU.Build.0 = Release|Any CPU
	EndGlobalSection
	GlobalSection(SolutionProperties) = preSolution
		HideSolutionNode = FALSE
	EndGlobalSection
EndGlobal
